// !$*UTF8*$!
{
	archiveVersion = 1;
	classes = {
	};
	objectVersion = 56;
	objects = {

/* Begin PBXBuildFile section */
		A1000101 /* AppDelegate.swift in Sources */ = {isa = PBXBuildFile; fileRef = A2000101 /* AppDelegate.swift */; };
		A1000102 /* ViewController.swift in Sources */ = {isa = PBXBuildFile; fileRef = A2000102 /* ViewController.swift */; };
		A1000103 /* HTTPServer.swift in Sources */ = {isa = PBXBuildFile; fileRef = A2000103 /* HTTPServer.swift */; };
		A1000104 /* Socket.swift in Sources */ = {isa = PBXBuildFile; fileRef = A2000104 /* Socket.swift */; };
		A1000105 /* ScriptEngine.swift in Sources */ = {isa = PBXBuildFile; fileRef = A2000105 /* ScriptEngine.swift */; };
		A1000106 /* IECScriptEngine.swift in Sources */ = {isa = PBXBuildFile; fileRef = A2000106 /* IECScriptEngine.swift */; };
		A1000107 /* TouchSimulator.swift in Sources */ = {isa = PBXBuildFile; fileRef = A2000107 /* TouchSimulator.swift */; };
		A1000108 /* KeyboardSimulator.swift in Sources */ = {isa = PBXBuildFile; fileRef = A2000108 /* KeyboardSimulator.swift */; };
		A1000109 /* ScreenCapture.swift in Sources */ = {isa = PBXBuildFile; fileRef = A2000109 /* ScreenCapture.swift */; };
		A100010A /* ClipboardManager.swift in Sources */ = {isa = PBXBuildFile; fileRef = A200010A /* ClipboardManager.swift */; };
		A100010B /* FileTransferManager.swift in Sources */ = {isa = PBXBuildFile; fileRef = A200010B /* FileTransferManager.swift */; };
		A100010C /* DeviceInfoCollector.swift in Sources */ = {isa = PBXBuildFile; fileRef = A200010C /* DeviceInfoCollector.swift */; };
		A1000201 /* iOSControlAgentTests.swift in Sources */ = {isa = PBXBuildFile; fileRef = A2000201 /* iOSControlAgentTests.swift */; };
/* End PBXBuildFile section */

/* Begin PBXFileReference section */
		A3000101 /* iOSControlAgent.app */ = {isa = PBXFileReference; explicitFileType = wrapper.application; includeInIndex = 0; path = iOSControlAgent.app; sourceTree = BUILT_PRODUCTS_DIR; };
		A3000201 /* iOSControlAgentTests.xctest */ = {isa = PBXFileReference; explicitFileType = wrapper.cfbundle; includeInIndex = 0; path = iOSControlAgentTests.xctest; sourceTree = BUILT_PRODUCTS_DIR; };
		A2000101 /* AppDelegate.swift */ = {isa = PBXFileReference; lastKnownFileType = sourcecode.swift; path = AppDelegate.swift; sourceTree = "<group>"; };
		A2000102 /* ViewController.swift */ = {isa = PBXFileReference; lastKnownFileType = sourcecode.swift; path = ViewController.swift; sourceTree = "<group>"; };
		A2000103 /* HTTPServer.swift */ = {isa = PBXFileReference; lastKnownFileType = sourcecode.swift; path = HTTPServer.swift; sourceTree = "<group>"; };
		A2000104 /* Socket.swift */ = {isa = PBXFileReference; lastKnownFileType = sourcecode.swift; path = Socket.swift; sourceTree = "<group>"; };
		A2000105 /* ScriptEngine.swift */ = {isa = PBXFileReference; lastKnownFileType = sourcecode.swift; path = ScriptEngine.swift; sourceTree = "<group>"; };
		A2000106 /* IECScriptEngine.swift */ = {isa = PBXFileReference; lastKnownFileType = sourcecode.swift; path = IECScriptEngine.swift; sourceTree = "<group>"; };
		A2000107 /* TouchSimulator.swift */ = {isa = PBXFileReference; lastKnownFileType = sourcecode.swift; path = TouchSimulator.swift; sourceTree = "<group>"; };
		A2000108 /* KeyboardSimulator.swift */ = {isa = PBXFileReference; lastKnownFileType = sourcecode.swift; path = KeyboardSimulator.swift; sourceTree = "<group>"; };
		A2000109 /* ScreenCapture.swift */ = {isa = PBXFileReference; lastKnownFileType = sourcecode.swift; path = ScreenCapture.swift; sourceTree = "<group>"; };
		A200010A /* ClipboardManager.swift */ = {isa = PBXFileReference; lastKnownFileType = sourcecode.swift; path = ClipboardManager.swift; sourceTree = "<group>"; };
		A200010B /* FileTransferManager.swift */ = {isa = PBXFileReference; lastKnownFileType = sourcecode.swift; path = FileTransferManager.swift; sourceTree = "<group>"; };
		A200010C /* DeviceInfoCollector.swift */ = {isa = PBXFileReference; lastKnownFileType = sourcecode.swift; path = DeviceInfoCollector.swift; sourceTree = "<group>"; };
		A200010D /* Info.plist */ = {isa = PBXFileReference; lastKnownFileType = text.plist.xml; path = Info.plist; sourceTree = "<group>"; };
		A200010E /* iOSControlAgent-Bridging-Header.h */ = {isa = PBXFileReference; lastKnownFileType = sourcecode.c.h; path = "iOSControlAgent-Bridging-Header.h"; sourceTree = "<group>"; };
		A200010F /* iOSControlAgent.entitlements */ = {isa = PBXFileReference; lastKnownFileType = text.plist.entitlements; path = iOSControlAgent.entitlements; sourceTree = "<group>"; };
		A2000201 /* iOSControlAgentTests.swift */ = {isa = PBXFileReference; lastKnownFileType = sourcecode.swift; path = iOSControlAgentTests.swift; sourceTree = "<group>"; };
		A2000202 /* Info.plist */ = {isa = PBXFileReference; lastKnownFileType = text.plist.xml; path = Info.plist; sourceTree = "<group>"; };
/* End PBXFileReference section */

/* Begin PBXFrameworksBuildPhase section */
		A4000101 /* Frameworks */ = {
			isa = PBXFrameworksBuildPhase;
			buildActionMask = 2147483647;
			files = (
			);
			runOnlyForDeploymentPostprocessing = 0;
		};
		A4000201 /* Frameworks */ = {
			isa = PBXFrameworksBuildPhase;
			buildActionMask = 2147483647;
			files = (
			);
			runOnlyForDeploymentPostprocessing = 0;
		};
/* End PBXFrameworksBuildPhase section */

/* Begin PBXGroup section */
		A5000001 = {
			isa = PBXGroup;
			children = (
				A5000101 /* iOSControlAgent */,
				A5000201 /* iOSControlAgentTests */,
				A5000301 /* Products */,
			);
			sourceTree = "<group>";
		};
		A5000301 /* Products */ = {
			isa = PBXGroup;
			children = (
				A3000101 /* iOSControlAgent.app */,
				A3000201 /* iOSControlAgentTests.xctest */,
			);
			name = Products;
			sourceTree = "<group>";
		};
		A5000101 /* iOSControlAgent */ = {
			isa = PBXGroup;
			children = (
				A2000101 /* AppDelegate.swift */,
				A2000102 /* ViewController.swift */,
				A2000103 /* HTTPServer.swift */,
				A2000104 /* Socket.swift */,
				A2000105 /* ScriptEngine.swift */,
				A2000106 /* IECScriptEngine.swift */,
				A2000107 /* TouchSimulator.swift */,
				A2000108 /* KeyboardSimulator.swift */,
				A2000109 /* ScreenCapture.swift */,
				A200010A /* ClipboardManager.swift */,
				A200010B /* FileTransferManager.swift */,
				A200010C /* DeviceInfoCollector.swift */,
				A200010D /* Info.plist */,
				A200010E /* iOSControlAgent-Bridging-Header.h */,
				A200010F /* iOSControlAgent.entitlements */,
			);
			path = iOSControlAgent;
			sourceTree = "<group>";
		};
		A5000201 /* iOSControlAgentTests */ = {
			isa = PBXGroup;
			children = (
				A2000201 /* iOSControlAgentTests.swift */,
				A2000202 /* Info.plist */,
			);
			path = iOSControlAgentTests;
			sourceTree = "<group>";
		};
/* End PBXGroup section */

/* Begin PBXNativeTarget section */
		A6000101 /* iOSControlAgent */ = {
			isa = PBXNativeTarget;
			buildConfigurationList = A7000101 /* Build configuration list for PBXNativeTarget "iOSControlAgent" */;
			buildPhases = (
				A8000101 /* Sources */,
				A4000101 /* Frameworks */,
				A9000101 /* Resources */,
			);
			buildRules = (
			);
			dependencies = (
			);
			name = iOSControlAgent;
			productName = iOSControlAgent;
			productReference = A3000101 /* iOSControlAgent.app */;
			productType = "com.apple.product-type.application";
		};
		A6000201 /* iOSControlAgentTests */ = {
			isa = PBXNativeTarget;
			buildConfigurationList = A7000201 /* Build configuration list for PBXNativeTarget "iOSControlAgentTests" */;
			buildPhases = (
				A8000201 /* Sources */,
				A4000201 /* Frameworks */,
				A9000201 /* Resources */,
			);
			buildRules = (
			);
			dependencies = (
				AA000201 /* PBXTargetDependency */,
			);
			name = iOSControlAgentTests;
			productName = iOSControlAgentTests;
			productReference = A3000201 /* iOSControlAgentTests.xctest */;
			productType = "com.apple.product-type.bundle.unit-test";
		};
/* End PBXNativeTarget section */

/* Begin PBXProject section */
		AB000001 /* Project object */ = {
			isa = PBXProject;
			attributes = {
				LastSwiftUpdateCheck = 1500;
				LastUpgradeCheck = 1500;
				TargetAttributes = {
					A6000101 = {
						CreatedOnToolsVersion = 15.0;
					};
					A6000201 = {
						CreatedOnToolsVersion = 15.0;
						TestTargetID = A6000101;
					};
				};
			};
			buildConfigurationList = A7000001 /* Build configuration list for PBXProject "iOSControlAgent" */;
			compatibilityVersion = "Xcode 14.0";
			developmentRegion = "zh-Hans";
			hasScannedForEncodings = 0;
			knownRegions = (
				en,
				"zh-Hans",
			);
			mainGroup = A5000001;
			productRefGroup = A5000301 /* Products */;
			projectDirPath = "";
			projectRoot = "";
			targets = (
				A6000101 /* iOSControlAgent */,
				A6000201 /* iOSControlAgentTests */,
			);
		};
/* End PBXProject section */

/* Begin PBXResourcesBuildPhase section */
		A9000101 /* Resources */ = {
			isa = PBXResourcesBuildPhase;
			buildActionMask = 2147483647;
			files = (
			);
			runOnlyForDeploymentPostprocessing = 0;
		};
		A9000201 /* Resources */ = {
			isa = PBXResourcesBuildPhase;
			buildActionMask = 2147483647;
			files = (
			);
			runOnlyForDeploymentPostprocessing = 0;
		};
/* End PBXResourcesBuildPhase section */

/* Begin PBXSourcesBuildPhase section */
		A8000101 /* Sources */ = {
			isa = PBXSourcesBuildPhase;
			buildActionMask = 2147483647;
			files = (
				A1000101 /* AppDelegate.swift in Sources */,
				A1000102 /* ViewController.swift in Sources */,
				A1000103 /* HTTPServer.swift in Sources */,
				A1000104 /* Socket.swift in Sources */,
				A1000105 /* ScriptEngine.swift in Sources */,
				A1000106 /* IECScriptEngine.swift in Sources */,
				A1000107 /* TouchSimulator.swift in Sources */,
				A1000108 /* KeyboardSimulator.swift in Sources */,
				A1000109 /* ScreenCapture.swift in Sources */,
				A100010A /* ClipboardManager.swift in Sources */,
				A100010B /* FileTransferManager.swift in Sources */,
				A100010C /* DeviceInfoCollector.swift in Sources */,
			);
			runOnlyForDeploymentPostprocessing = 0;
		};
		A8000201 /* Sources */ = {
			isa = PBXSourcesBuildPhase;
			buildActionMask = 2147483647;
			files = (
				A1000201 /* iOSControlAgentTests.swift in Sources */,
			);
			runOnlyForDeploymentPostprocessing = 0;
		};
/* End PBXSourcesBuildPhase section */

/* Begin PBXTargetDependency section */
		AA000201 /* PBXTargetDependency */ = {
			isa = PBXTargetDependency;
			target = A6000101 /* iOSControlAgent */;
			targetProxy = AA000202 /* PBXContainerItemProxy */;
		};
		AA000202 /* PBXContainerItemProxy */ = {
			isa = PBXContainerItemProxy;
			containerPortal = AB000001 /* Project object */;
			proxyType = 1;
			remoteGlobalIDString = A6000101;
			remoteInfo = iOSControlAgent;
		};
/* End PBXTargetDependency section */

/* Begin XCBuildConfiguration section */
		AC000101 /* Debug */ = {
			isa = XCBuildConfiguration;
			buildSettings = {
				ALWAYS_SEARCH_USER_PATHS = NO;
				ASSETCATALOG_COMPILER_GENERATE_SWIFT_ASSET_SYMBOL_EXTENSIONS = YES;
				CLANG_ANALYZER_NONNULL = YES;
				CLANG_CXX_LANGUAGE_STANDARD = "gnu++20";
				CLANG_ENABLE_MODULES = YES;
				CLANG_ENABLE_OBJC_ARC = YES;
				COPY_PHASE_STRIP = NO;
				DEBUG_INFORMATION_FORMAT = dwarf;
				ENABLE_STRICT_OBJC_MSGSEND = YES;
				ENABLE_TESTABILITY = YES;
				ENABLE_USER_SCRIPT_SANDBOXING = YES;
				GCC_DYNAMIC_NO_PIC = NO;
				GCC_OPTIMIZATION_LEVEL = 0;
				GCC_PREPROCESSOR_DEFINITIONS = (
					"DEBUG=1",
					"$(inherited)",
				);
				GCC_WARN_ABOUT_RETURN_TYPE = YES_ERROR;
				GCC_WARN_UNINITIALIZED_AUTOS = YES_AGGRESSIVE;
				IPHONEOS_DEPLOYMENT_TARGET = 12.4;
				MTL_ENABLE_DEBUG_INFO = INCLUDE_SOURCE;
				ONLY_ACTIVE_ARCH = YES;
				SDKROOT = iphoneos;
				SWIFT_ACTIVE_COMPILATION_CONDITIONS = "DEBUG $(inherited)";
				SWIFT_OPTIMIZATION_LEVEL = "-Onone";
			};
			name = Debug;
		};
		AC000102 /* Release */ = {
			isa = XCBuildConfiguration;
			buildSettings = {
				ALWAYS_SEARCH_USER_PATHS = NO;
				ASSETCATALOG_COMPILER_GENERATE_SWIFT_ASSET_SYMBOL_EXTENSIONS = YES;
				CLANG_ANALYZER_NONNULL = YES;
				CLANG_CXX_LANGUAGE_STANDARD = "gnu++20";
				CLANG_ENABLE_MODULES = YES;
				CLANG_ENABLE_OBJC_ARC = YES;
				COPY_PHASE_STRIP = NO;
				DEBUG_INFORMATION_FORMAT = "dwarf-with-dsym";
				ENABLE_NS_ASSERTIONS = NO;
				ENABLE_STRICT_OBJC_MSGSEND = YES;
				ENABLE_USER_SCRIPT_SANDBOXING = YES;
				GCC_WARN_ABOUT_RETURN_TYPE = YES_ERROR;
				GCC_WARN_UNINITIALIZED_AUTOS = YES_AGGRESSIVE;
				IPHONEOS_DEPLOYMENT_TARGET = 12.4;
				MTL_ENABLE_DEBUG_INFO = NO;
				SDKROOT = iphoneos;
				SWIFT_COMPILATION_MODE = wholemodule;
				VALIDATE_PRODUCT = YES;
			};
			name = Release;
		};
		AC000201 /* Debug */ = {
			isa = XCBuildConfiguration;
			buildSettings = {
				ASSETCATALOG_COMPILER_APPICON_NAME = AppIcon;
				CODE_SIGN_IDENTITY = "";
				CODE_SIGNING_REQUIRED = NO;
				CODE_SIGNING_ALLOWED = NO;
				ENABLE_BITCODE = NO;
				FRAMEWORKS = "$(inherited)";
				INFOPLIST_FILE = iOSControlAgent/Info.plist;
				IPHONEOS_DEPLOYMENT_TARGET = 12.4;
				LD_RUNPATH_SEARCH_PATHS = (
					"$(inherited)",
					"@executable_path/Frameworks",
				);
				OTHER_LDFLAGS = "-lsqlite3";
				PRODUCT_BUNDLE_IDENTIFIER = com.ioscontrol.agent;
				PRODUCT_NAME = "$(TARGET_NAME)";
				SWIFT_EMIT_LOC_STRINGS = YES;
				SWIFT_VERSION = 5.0;
				TARGETED_DEVICE_FAMILY = "1,2";
			};
			name = Debug;
		};
		AC000202 /* Release */ = {
			isa = XCBuildConfiguration;
			buildSettings = {
				ASSETCATALOG_COMPILER_APPICON_NAME = AppIcon;
				CODE_SIGN_IDENTITY = "";
				CODE_SIGNING_REQUIRED = NO;
				CODE_SIGNING_ALLOWED = NO;
				ENABLE_BITCODE = NO;
				FRAMEWORKS = "$(inherited)";
				INFOPLIST_FILE = iOSControlAgent/Info.plist;
				IPHONEOS_DEPLOYMENT_TARGET = 12.4;
				LD_RUNPATH_SEARCH_PATHS = (
					"$(inherited)",
					"@executable_path/Frameworks",
				);
				OTHER_LDFLAGS = "-lsqlite3";
				PRODUCT_BUNDLE_IDENTIFIER = com.ioscontrol.agent;
				PRODUCT_NAME = "$(TARGET_NAME)";
				SWIFT_EMIT_LOC_STRINGS = YES;
				SWIFT_VERSION = 5.0;
				TARGETED_DEVICE_FAMILY = "1,2";
			};
			name = Release;
		};
		AC000301 /* Debug */ = {
			isa = XCBuildConfiguration;
			buildSettings = {
				BUNDLE_LOADER = "$(TEST_HOST)";
				CODE_SIGN_IDENTITY = "";
				CODE_SIGNING_REQUIRED = NO;
				CODE_SIGNING_ALLOWED = NO;
				INFOPLIST_FILE = iOSControlAgentTests/Info.plist;
				IPHONEOS_DEPLOYMENT_TARGET = 12.4;
				PRODUCT_BUNDLE_IDENTIFIER = com.ioscontrol.agent.tests;
				PRODUCT_NAME = "$(TARGET_NAME)";
				SWIFT_EMIT_LOC_STRINGS = NO;
				SWIFT_VERSION = 5.0;
				TARGETED_DEVICE_FAMILY = "1,2";
				TEST_HOST = "$(BUILT_PRODUCTS_DIR)/iOSControlAgent.app/$(BUNDLE_EXECUTABLE_FOLDER_PATH)/iOSControlAgent";
			};
			name = Debug;
		};
		AC000302 /* Release */ = {
			isa = XCBuildConfiguration;
			buildSettings = {
				BUNDLE_LOADER = "$(TEST_HOST)";
				CODE_SIGN_IDENTITY = "";
				CODE_SIGNING_REQUIRED = NO;
				CODE_SIGNING_ALLOWED = NO;
				INFOPLIST_FILE = iOSControlAgentTests/Info.plist;
				IPHONEOS_DEPLOYMENT_TARGET = 12.4;
				PRODUCT_BUNDLE_IDENTIFIER = com.ioscontrol.agent.tests;
				PRODUCT_NAME = "$(TARGET_NAME)";
				SWIFT_EMIT_LOC_STRINGS = NO;
				SWIFT_VERSION = 5.0;
				TARGETED_DEVICE_FAMILY = "1,2";
				TEST_HOST = "$(BUILT_PRODUCTS_DIR)/iOSControlAgent.app/$(BUNDLE_EXECUTABLE_FOLDER_PATH)/iOSControlAgent";
			};
			name = Release;
		};
/* End XCBuildConfiguration section */

/* Begin XCConfigurationList section */
		A7000001 /* Build configuration list for PBXProject "iOSControlAgent" */ = {
			isa = XCConfigurationList;
			buildConfigurations = (
				AC000101 /* Debug */,
				AC000102 /* Release */,
			);
			defaultConfigurationIsVisible = 0;
			defaultConfigurationName = Release;
		};
		A7000101 /* Build configuration list for PBXNativeTarget "iOSControlAgent" */ = {
			isa = XCConfigurationList;
			buildConfigurations = (
				AC000201 /* Debug */,
				AC000202 /* Release */,
			);
			defaultConfigurationIsVisible = 0;
			defaultConfigurationName = Release;
		};
		A7000201 /* Build configuration list for PBXNativeTarget "iOSControlAgentTests" */ = {
			isa = XCConfigurationList;
			buildConfigurations = (
				AC000301 /* Debug */,
				AC000302 /* Release */,
			);
			defaultConfigurationIsVisible = 0;
			defaultConfigurationName = Release;
		};
/* End XCConfigurationList section */

	};
	rootObject = AB000001 /* Project object */;
}
